// !$*UTF8*$!
{
	archiveVersion = 1;
	classes = {
	};
	objectVersion = 56;
	objects = {

/* Begin PBXBuildFile section */
		571AFBDC2A82520100096689 /* ECommerceApp.swift in Sources */ = {isa = PBXBuildFile; fileRef = 571AFBDB2A82520100096689 /* ECommerceApp.swift */; };
		571AFBE02A82520300096689 /* Assets.xcassets in Resources */ = {isa = PBXBuildFile; fileRef = 571AFBDF2A82520300096689 /* Assets.xcassets */; };
		571AFBE32A82520300096689 /* Preview Assets.xcassets in Resources */ = {isa = PBXBuildFile; fileRef = 571AFBE22A82520300096689 /* Preview Assets.xcassets */; };
		57263E3D2A92A608000D6F8F /* AccountConfiguration.swift in Sources */ = {isa = PBXBuildFile; fileRef = 57263E3C2A92A608000D6F8F /* AccountConfiguration.swift */; };
		57B12ED12A84EE29005A224A /* Account.framework in Frameworks */ = {isa = PBXBuildFile; fileRef = 57B12ED02A84EE29005A224A /* Account.framework */; };
		57BC03112A8272940055CC0A /* BootStraping.swift in Sources */ = {isa = PBXBuildFile; fileRef = 57BC03102A8272940055CC0A /* BootStraping.swift */; };
		57BC033B2A8273FA0055CC0A /* ECPlatform in Frameworks */ = {isa = PBXBuildFile; productRef = 57BC033A2A8273FA0055CC0A /* ECPlatform */; };
		57BC033D2A8273FA0055CC0A /* PluginAPIs.framework in Frameworks */ = {isa = PBXBuildFile; fileRef = 57BC033C2A8273FA0055CC0A /* PluginAPIs.framework */; };
		57BC03552A82744B0055CC0A /* Home.framework in Frameworks */ = {isa = PBXBuildFile; fileRef = 57BC03542A82744B0055CC0A /* Home.framework */; };
		57BC03632A827CD00055CC0A /* HomeConfiguration.swift in Sources */ = {isa = PBXBuildFile; fileRef = 57BC03622A827CD00055CC0A /* HomeConfiguration.swift */; };
/* End PBXBuildFile section */

/* Begin PBXFileReference section */
		571AFBD82A82520100096689 /* ECommerce.app */ = {isa = PBXFileReference; explicitFileType = wrapper.application; includeInIndex = 0; path = ECommerce.app; sourceTree = BUILT_PRODUCTS_DIR; };
		571AFBDB2A82520100096689 /* ECommerceApp.swift */ = {isa = PBXFileReference; lastKnownFileType = sourcecode.swift; path = ECommerceApp.swift; sourceTree = "<group>"; };
		571AFBDF2A82520300096689 /* Assets.xcassets */ = {isa = PBXFileReference; lastKnownFileType = folder.assetcatalog; path = Assets.xcassets; sourceTree = "<group>"; };
		571AFBE22A82520300096689 /* Preview Assets.xcassets */ = {isa = PBXFileReference; lastKnownFileType = folder.assetcatalog; path = "Preview Assets.xcassets"; sourceTree = "<group>"; };
		57263E3C2A92A608000D6F8F /* AccountConfiguration.swift */ = {isa = PBXFileReference; lastKnownFileType = sourcecode.swift; path = AccountConfiguration.swift; sourceTree = "<group>"; };
		57B12ECD2A84EDB1005A224A /* Account.framework */ = {isa = PBXFileReference; explicitFileType = wrapper.framework; path = Account.framework; sourceTree = BUILT_PRODUCTS_DIR; };
		57B12ED02A84EE29005A224A /* Account.framework */ = {isa = PBXFileReference; explicitFileType = wrapper.framework; path = Account.framework; sourceTree = BUILT_PRODUCTS_DIR; };
		57BC03102A8272940055CC0A /* BootStraping.swift */ = {isa = PBXFileReference; lastKnownFileType = sourcecode.swift; path = BootStraping.swift; sourceTree = "<group>"; };
		57BC033C2A8273FA0055CC0A /* PluginAPIs.framework */ = {isa = PBXFileReference; explicitFileType = wrapper.framework; path = PluginAPIs.framework; sourceTree = BUILT_PRODUCTS_DIR; };
		57BC03542A82744B0055CC0A /* Home.framework */ = {isa = PBXFileReference; explicitFileType = wrapper.framework; path = Home.framework; sourceTree = BUILT_PRODUCTS_DIR; };
		57BC03622A827CD00055CC0A /* HomeConfiguration.swift */ = {isa = PBXFileReference; lastKnownFileType = sourcecode.swift; path = HomeConfiguration.swift; sourceTree = "<group>"; };
/* End PBXFileReference section */

/* Begin PBXFrameworksBuildPhase section */
		571AFBD52A82520100096689 /* Frameworks */ = {
			isa = PBXFrameworksBuildPhase;
			buildActionMask = 2147483647;
			files = (
				57BC033D2A8273FA0055CC0A /* PluginAPIs.framework in Frameworks */,
				57BC033B2A8273FA0055CC0A /* ECPlatform in Frameworks */,
				57B12ED12A84EE29005A224A /* Account.framework in Frameworks */,
				57BC03552A82744B0055CC0A /* Home.framework in Frameworks */,
			);
			runOnlyForDeploymentPostprocessing = 0;
		};
/* End PBXFrameworksBuildPhase section */

/* Begin PBXGroup section */
		571AFBCF2A82520100096689 = {
			isa = PBXGroup;
			children = (
				571AFBDA2A82520100096689 /* ECommerce */,
				571AFBD92A82520100096689 /* Products */,
				57BC030D2A82709E0055CC0A /* Frameworks */,
			);
			sourceTree = "<group>";
		};
		571AFBD92A82520100096689 /* Products */ = {
			isa = PBXGroup;
			children = (
				571AFBD82A82520100096689 /* ECommerce.app */,
			);
			name = Products;
			sourceTree = "<group>";
		};
		571AFBDA2A82520100096689 /* ECommerce */ = {
			isa = PBXGroup;
			children = (
				57A7A6322A85017200B4928E /* Startup */,
				57BC03612A827C5A0055CC0A /* Configuration */,
				571AFBDB2A82520100096689 /* ECommerceApp.swift */,
				571AFBDF2A82520300096689 /* Assets.xcassets */,
				571AFBE12A82520300096689 /* Preview Content */,
			);
			path = ECommerce;
			sourceTree = "<group>";
		};
		571AFBE12A82520300096689 /* Preview Content */ = {
			isa = PBXGroup;
			children = (
				571AFBE22A82520300096689 /* Preview Assets.xcassets */,
			);
			path = "Preview Content";
			sourceTree = "<group>";
		};
		57A7A6322A85017200B4928E /* Startup */ = {
			isa = PBXGroup;
			children = (
				57BC03102A8272940055CC0A /* BootStraping.swift */,
			);
			path = Startup;
			sourceTree = "<group>";
		};
		57BC030D2A82709E0055CC0A /* Frameworks */ = {
			isa = PBXGroup;
			children = (
				57B12ED02A84EE29005A224A /* Account.framework */,
				57B12ECD2A84EDB1005A224A /* Account.framework */,
				57BC03542A82744B0055CC0A /* Home.framework */,
				57BC033C2A8273FA0055CC0A /* PluginAPIs.framework */,
			);
			name = Frameworks;
			sourceTree = "<group>";
		};
		57BC03612A827C5A0055CC0A /* Configuration */ = {
			isa = PBXGroup;
			children = (
				57BC03622A827CD00055CC0A /* HomeConfiguration.swift */,
				57263E3C2A92A608000D6F8F /* AccountConfiguration.swift */,
			);
			path = Configuration;
			sourceTree = "<group>";
		};
/* End PBXGroup section */

/* Begin PBXNativeTarget section */
		571AFBD72A82520100096689 /* ECommerce */ = {
			isa = PBXNativeTarget;
			buildConfigurationList = 571AFBE62A82520300096689 /* Build configuration list for PBXNativeTarget "ECommerce" */;
			buildPhases = (
				571AFBD42A82520100096689 /* Sources */,
				571AFBD52A82520100096689 /* Frameworks */,
				571AFBD62A82520100096689 /* Resources */,
			);
			buildRules = (
			);
			dependencies = (
			);
			name = ECommerce;
			packageProductDependencies = (
				57BC033A2A8273FA0055CC0A /* ECPlatform */,
			);
			productName = ECommerce;
			productReference = 571AFBD82A82520100096689 /* ECommerce.app */;
			productType = "com.apple.product-type.application";
		};
/* End PBXNativeTarget section */

/* Begin PBXProject section */
		571AFBD02A82520100096689 /* Project object */ = {
			isa = PBXProject;
			attributes = {
				BuildIndependentTargetsInParallel = 1;
				LastSwiftUpdateCheck = 1430;
				LastUpgradeCheck = 1430;
				TargetAttributes = {
					571AFBD72A82520100096689 = {
						CreatedOnToolsVersion = 14.3.1;
					};
				};
			};
			buildConfigurationList = 571AFBD32A82520100096689 /* Build configuration list for PBXProject "ECommerce" */;
			compatibilityVersion = "Xcode 14.0";
			developmentRegion = en;
			hasScannedForEncodings = 0;
			knownRegions = (
				en,
				Base,
			);
			mainGroup = 571AFBCF2A82520100096689;
			productRefGroup = 571AFBD92A82520100096689 /* Products */;
			projectDirPath = "";
			projectRoot = "";
			targets = (
				571AFBD72A82520100096689 /* ECommerce */,
			);
		};
/* End PBXProject section */

/* Begin PBXResourcesBuildPhase section */
		571AFBD62A82520100096689 /* Resources */ = {
			isa = PBXResourcesBuildPhase;
			buildActionMask = 2147483647;
			files = (
				571AFBE32A82520300096689 /* Preview Assets.xcassets in Resources */,
				571AFBE02A82520300096689 /* Assets.xcassets in Resources */,
			);
			runOnlyForDeploymentPostprocessing = 0;
		};
/* End PBXResourcesBuildPhase section */

/* Begin PBXSourcesBuildPhase section */
		571AFBD42A82520100096689 /* Sources */ = {
			isa = PBXSourcesBuildPhase;
			buildActionMask = 2147483647;
			files = (
				57BC03112A8272940055CC0A /* BootStraping.swift in Sources */,
				57BC03632A827CD00055CC0A /* HomeConfiguration.swift in Sources */,
				57263E3D2A92A608000D6F8F /* AccountConfiguration.swift in Sources */,
				571AFBDC2A82520100096689 /* ECommerceApp.swift in Sources */,
			);
			runOnlyForDeploymentPostprocessing = 0;
		};
/* End PBXSourcesBuildPhase section */

/* Begin XCBuildConfiguration section */
		571AFBE42A82520300096689 /* Debug */ = {
			isa = XCBuildConfiguration;
			buildSettings = {
				ALWAYS_SEARCH_USER_PATHS = NO;
				CLANG_ANALYZER_NONNULL = YES;
				CLANG_ANALYZER_NUMBER_OBJECT_CONVERSION = YES_AGGRESSIVE;
				CLANG_CXX_LANGUAGE_STANDARD = "gnu++20";
				CLANG_ENABLE_MODULES = YES;
				CLANG_ENABLE_OBJC_ARC = YES;
				CLANG_ENABLE_OBJC_WEAK = YES;
				CLANG_WARN_BLOCK_CAPTURE_AUTORELEASING = YES;
				CLANG_WARN_BOOL_CONVERSION = YES;
				CLANG_WARN_COMMA = YES;
				CLANG_WARN_CONSTANT_CONVERSION = YES;
				CLANG_WARN_DEPRECATED_OBJC_IMPLEMENTATIONS = YES;
				CLANG_WARN_DIRECT_OBJC_ISA_USAGE = YES_ERROR;
				CLANG_WARN_DOCUMENTATION_COMMENTS = YES;
				CLANG_WARN_EMPTY_BODY = YES;
				CLANG_WARN_ENUM_CONVERSION = YES;
				CLANG_WARN_INFINITE_RECURSION = YES;
				CLANG_WARN_INT_CONVERSION = YES;
				CLANG_WARN_NON_LITERAL_NULL_CONVERSION = YES;
				CLANG_WARN_OBJC_IMPLICIT_RETAIN_SELF = YES;
				CLANG_WARN_OBJC_LITERAL_CONVERSION = YES;
				CLANG_WARN_OBJC_ROOT_CLASS = YES_ERROR;
				CLANG_WARN_QUOTED_INCLUDE_IN_FRAMEWORK_HEADER = YES;
				CLANG_WARN_RANGE_LOOP_ANALYSIS = YES;
				CLANG_WARN_STRICT_PROTOTYPES = YES;
				CLANG_WARN_SUSPICIOUS_MOVE = YES;
				CLANG_WARN_UNGUARDED_AVAILABILITY = YES_AGGRESSIVE;
				CLANG_WARN_UNREACHABLE_CODE = YES;
				CLANG_WARN__DUPLICATE_METHOD_MATCH = YES;
				COPY_PHASE_STRIP = NO;
				DEBUG_INFORMATION_FORMAT = dwarf;
				ENABLE_STRICT_OBJC_MSGSEND = YES;
				ENABLE_TESTABILITY = YES;
				GCC_C_LANGUAGE_STANDARD = gnu11;
				GCC_DYNAMIC_NO_PIC = NO;
				GCC_NO_COMMON_BLOCKS = YES;
				GCC_OPTIMIZATION_LEVEL = 0;
				GCC_PREPROCESSOR_DEFINITIONS = (
					"DEBUG=1",
					"$(inherited)",
				);
				GCC_WARN_64_TO_32_BIT_CONVERSION = YES;
				GCC_WARN_ABOUT_RETURN_TYPE = YES_ERROR;
				GCC_WARN_UNDECLARED_SELECTOR = YES;
				GCC_WARN_UNINITIALIZED_AUTOS = YES_AGGRESSIVE;
				GCC_WARN_UNUSED_FUNCTION = YES;
				GCC_WARN_UNUSED_VARIABLE = YES;
				IPHONEOS_DEPLOYMENT_TARGET = 16.4;
				MTL_ENABLE_DEBUG_INFO = INCLUDE_SOURCE;
				MTL_FAST_MATH = YES;
				ONLY_ACTIVE_ARCH = YES;
				SDKROOT = iphoneos;
				SWIFT_ACTIVE_COMPILATION_CONDITIONS = DEBUG;
				SWIFT_OPTIMIZATION_LEVEL = "-Onone";
			};
			name = Debug;
		};
		571AFBE52A82520300096689 /* Release */ = {
			isa = XCBuildConfiguration;
			buildSettings = {
				ALWAYS_SEARCH_USER_PATHS = NO;
				CLANG_ANALYZER_NONNULL = YES;
				CLANG_ANALYZER_NUMBER_OBJECT_CONVERSION = YES_AGGRESSIVE;
				CLANG_CXX_LANGUAGE_STANDARD = "gnu++20";
				CLANG_ENABLE_MODULES = YES;
				CLANG_ENABLE_OBJC_ARC = YES;
				CLANG_ENABLE_OBJC_WEAK = YES;
				CLANG_WARN_BLOCK_CAPTURE_AUTORELEASING = YES;
				CLANG_WARN_BOOL_CONVERSION = YES;
				CLANG_WARN_COMMA = YES;
				CLANG_WARN_CONSTANT_CONVERSION = YES;
				CLANG_WARN_DEPRECATED_OBJC_IMPLEMENTATIONS = YES;
				CLANG_WARN_DIRECT_OBJC_ISA_USAGE = YES_ERROR;
				CLANG_WARN_DOCUMENTATION_COMMENTS = YES;
				CLANG_WARN_EMPTY_BODY = YES;
				CLANG_WARN_ENUM_CONVERSION = YES;
				CLANG_WARN_INFINITE_RECURSION = YES;
				CLANG_WARN_INT_CONVERSION = YES;
				CLANG_WARN_NON_LITERAL_NULL_CONVERSION = YES;
				CLANG_WARN_OBJC_IMPLICIT_RETAIN_SELF = YES;
				CLANG_WARN_OBJC_LITERAL_CONVERSION = YES;
				CLANG_WARN_OBJC_ROOT_CLASS = YES_ERROR;
				CLANG_WARN_QUOTED_INCLUDE_IN_FRAMEWORK_HEADER = YES;
				CLANG_WARN_RANGE_LOOP_ANALYSIS = YES;
				CLANG_WARN_STRICT_PROTOTYPES = YES;
				CLANG_WARN_SUSPICIOUS_MOVE = YES;
				CLANG_WARN_UNGUARDED_AVAILABILITY = YES_AGGRESSIVE;
				CLANG_WARN_UNREACHABLE_CODE = YES;
				CLANG_WARN__DUPLICATE_METHOD_MATCH = YES;
				COPY_PHASE_STRIP = NO;
				DEBUG_INFORMATION_FORMAT = "dwarf-with-dsym";
				ENABLE_NS_ASSERTIONS = NO;
				ENABLE_STRICT_OBJC_MSGSEND = YES;
				GCC_C_LANGUAGE_STANDARD = gnu11;
				GCC_NO_COMMON_BLOCKS = YES;
				GCC_WARN_64_TO_32_BIT_CONVERSION = YES;
				GCC_WARN_ABOUT_RETURN_TYPE = YES_ERROR;
				GCC_WARN_UNDECLARED_SELECTOR = YES;
				GCC_WARN_UNINITIALIZED_AUTOS = YES_AGGRESSIVE;
				GCC_WARN_UNUSED_FUNCTION = YES;
				GCC_WARN_UNUSED_VARIABLE = YES;
				IPHONEOS_DEPLOYMENT_TARGET = 16.4;
				MTL_ENABLE_DEBUG_INFO = NO;
				MTL_FAST_MATH = YES;
				SDKROOT = iphoneos;
				SWIFT_COMPILATION_MODE = wholemodule;
				SWIFT_OPTIMIZATION_LEVEL = "-O";
				VALIDATE_PRODUCT = YES;
			};
			name = Release;
		};
		571AFBE72A82520300096689 /* Debug */ = {
			isa = XCBuildConfiguration;
			buildSettings = {
				ASSETCATALOG_COMPILER_APPICON_NAME = AppIcon;
				ASSETCATALOG_COMPILER_GLOBAL_ACCENT_COLOR_NAME = AccentColor;
				CODE_SIGN_STYLE = Automatic;
				CURRENT_PROJECT_VERSION = 1;
				DEVELOPMENT_ASSET_PATHS = "\"ECommerce/Preview Content\"";
				DEVELOPMENT_TEAM = 87TJZ5Q7TH;
				ENABLE_PREVIEWS = YES;
				GENERATE_INFOPLIST_FILE = YES;
				INFOPLIST_KEY_UIApplicationSceneManifest_Generation = YES;
				INFOPLIST_KEY_UIApplicationSupportsIndirectInputEvents = YES;
				INFOPLIST_KEY_UILaunchScreen_Generation = YES;
				INFOPLIST_KEY_UISupportedInterfaceOrientations_iPad = "UIInterfaceOrientationPortrait UIInterfaceOrientationPortraitUpsideDown UIInterfaceOrientationLandscapeLeft UIInterfaceOrientationLandscapeRight";
				INFOPLIST_KEY_UISupportedInterfaceOrientations_iPhone = "UIInterfaceOrientationPortrait UIInterfaceOrientationLandscapeLeft UIInterfaceOrientationLandscapeRight";
				LD_RUNPATH_SEARCH_PATHS = (
					"$(inherited)",
					"@executable_path/Frameworks",
				);
				MARKETING_VERSION = 1.0;
				PRODUCT_BUNDLE_IDENTIFIER = com.mobile.app.ECommerce;
				PRODUCT_NAME = "$(TARGET_NAME)";
				SWIFT_EMIT_LOC_STRINGS = YES;
				SWIFT_VERSION = 5.0;
				TARGETED_DEVICE_FAMILY = "1,2";
			};
			name = Debug;
		};
		571AFBE82A82520300096689 /* Release */ = {
			isa = XCBuildConfiguration;
			buildSettings = {
				ASSETCATALOG_COMPILER_APPICON_NAME = AppIcon;
				ASSETCATALOG_COMPILER_GLOBAL_ACCENT_COLOR_NAME = AccentColor;
				CODE_SIGN_STYLE = Automatic;
				CURRENT_PROJECT_VERSION = 1;
				DEVELOPMENT_ASSET_PATHS = "\"ECommerce/Preview Content\"";
				DEVELOPMENT_TEAM = 87TJZ5Q7TH;
				ENABLE_PREVIEWS = YES;
				GENERATE_INFOPLIST_FILE = YES;
				INFOPLIST_KEY_UIApplicationSceneManifest_Generation = YES;
				INFOPLIST_KEY_UIApplicationSupportsIndirectInputEvents = YES;
				INFOPLIST_KEY_UILaunchScreen_Generation = YES;
				INFOPLIST_KEY_UISupportedInterfaceOrientations_iPad = "UIInterfaceOrientationPortrait UIInterfaceOrientationPortraitUpsideDown UIInterfaceOrientationLandscapeLeft UIInterfaceOrientationLandscapeRight";
				INFOPLIST_KEY_UISupportedInterfaceOrientations_iPhone = "UIInterfaceOrientationPortrait UIInterfaceOrientationLandscapeLeft UIInterfaceOrientationLandscapeRight";
				LD_RUNPATH_SEARCH_PATHS = (
					"$(inherited)",
					"@executable_path/Frameworks",
				);
				MARKETING_VERSION = 1.0;
				PRODUCT_BUNDLE_IDENTIFIER = com.mobile.app.ECommerce;
				PRODUCT_NAME = "$(TARGET_NAME)";
				SWIFT_EMIT_LOC_STRINGS = YES;
				SWIFT_VERSION = 5.0;
				TARGETED_DEVICE_FAMILY = "1,2";
			};
			name = Release;
		};
/* End XCBuildConfiguration section */

/* Begin XCConfigurationList section */
		571AFBD32A82520100096689 /* Build configuration list for PBXProject "ECommerce" */ = {
			isa = XCConfigurationList;
			buildConfigurations = (
				571AFBE42A82520300096689 /* Debug */,
				571AFBE52A82520300096689 /* Release */,
			);
			defaultConfigurationIsVisible = 0;
			defaultConfigurationName = Release;
		};
		571AFBE62A82520300096689 /* Build configuration list for PBXNativeTarget "ECommerce" */ = {
			isa = XCConfigurationList;
			buildConfigurations = (
				571AFBE72A82520300096689 /* Debug */,
				571AFBE82A82520300096689 /* Release */,
			);
			defaultConfigurationIsVisible = 0;
			defaultConfigurationName = Release;
		};
/* End XCConfigurationList section */

/* Begin XCSwiftPackageProductDependency section */
		57BC033A2A8273FA0055CC0A /* ECPlatform */ = {
			isa = XCSwiftPackageProductDependency;
			productName = ECPlatform;
		};
/* End XCSwiftPackageProductDependency section */
	};
	rootObject = 571AFBD02A82520100096689 /* Project object */;
}
